{
  "nodes": {
    "home-manager": {
      "inputs": {
        "nixpkgs": [
          "nixpkgs"
        ]
      },
      "locked": {
        "lastModified": 1709578243,
        "narHash": "sha256-hF96D+c2PBmAFhymMw3z8hou++lqKtZ7IzpFbYeL1/Y=",
        "owner": "nix-community",
        "repo": "home-manager",
        "rev": "23ff9821bcaec12981e32049e8687f25f11e5ef3",
        "type": "github"
      },
      "original": {
        "owner": "nix-community",
        "repo": "home-manager",
        "type": "github"
      }
    },
    "nixpkgs": {
      "locked": {
        "lastModified": 1709622947,
        "narHash": "sha256-m5unXszS9bj9LjeOuyuit9c5oTSbQm8IG9wvJ6n8k5w=",
        "owner": "nixos",
        "repo": "nixpkgs",
        "rev": "e189c16f695f9be4fbc58491ac835c6aaf681de0",
        "type": "github"
      },
      "original": {
        "owner": "nixos",
        "repo": "nixpkgs",
        "type": "github"
      }
    },
    "root": {
      "inputs": {
        "home-manager": "home-manager",
        "nixpkgs": "nixpkgs"
      }
    }
  },
  "root": "root",
  "version": 7
}
